
Microsoft Visual Studio Solution File, Format Version 12.00
# Visual Studio Version 17
VisualStudioVersion = 17.1.32228.430
MinimumVisualStudioVersion = 10.0.40219.1
Project("{FAE04EC0-301F-11D3-BF4B-00C04F79EFBC}") = "Dungeon", "Dungeon\Dungeon.csproj", "{7F308EEA-051E-4525-9A57-B7750306FF0D}"
EndProject
Global
	GlobalSection(SolutionConfigurationPlatforms) = preSolution
		Debug|Any CPU = Debug|Any CPU
		Release|Any CPU = Release|Any CPU
	EndGlobalSection
	GlobalSection(ProjectConfigurationPlatforms) = postSolution
		{7F308EEA-051E-4525-9A57-B7750306FF0D}.Debug|Any CPU.ActiveCfg = Debug|Any CPU
		{7F308EEA-051E-4525-9A57-B7750306FF0D}.Debug|Any CPU.Build.0 = Debug|Any CPU
		{7F308EEA-051E-4525-9A57-B7750306FF0D}.Release|Any CPU.ActiveCfg = Release|Any CPU
		{7F308EEA-051E-4525-9A57-B7750306FF0D}.Release|Any CPU.Build.0 = Release|Any CPU
	EndGlobalSection
	GlobalSection(SolutionProperties) = preSolution
		HideSolutionNode = FALSE
	EndGlobalSection
	GlobalSection(ExtensibilityGlobals) = postSolution
		SolutionGuid = {79813E57-C9AA-40AE-8833-C911BF902493}
	EndGlobalSection
EndGlobal
